
Microsoft Visual Studio Solution File, Format Version 12.00
# Visual Studio Version 16
VisualStudioVersion = 16.0.32228.343
MinimumVisualStudioVersion = 10.0.40219.1
Project("{9A19103F-16F7-4668-BE54-9A1E7A4F7556}") = "LibraryManagementSystem", "LibraryManagementSystem\LibraryManagementSystem.csproj", "{F1ACC8DF-48E6-418F-AD52-F5F00AAA6634}"
EndProject
Project("{FAE04EC0-301F-11D3-BF4B-00C04F79EFBC}") = "Library.WebApi.Test", "Library.WebApi.Test\Library.WebApi.Test.csproj", "{EA0336B1-25EE-4D6C-B1CD-77EB11C06460}"
EndProject
Global
	GlobalSection(SolutionConfigurationPlatforms) = preSolution
		Debug|Any CPU = Debug|Any CPU
		Release|Any CPU = Release|Any CPU
	EndGlobalSection
	GlobalSection(ProjectConfigurationPlatforms) = postSolution
		{F1ACC8DF-48E6-418F-AD52-F5F00AAA6634}.Debug|Any CPU.ActiveCfg = Debug|Any CPU
		{F1ACC8DF-48E6-418F-AD52-F5F00AAA6634}.Debug|Any CPU.Build.0 = Debug|Any CPU
		{F1ACC8DF-48E6-418F-AD52-F5F00AAA6634}.Release|Any CPU.ActiveCfg = Release|Any CPU
		{F1ACC8DF-48E6-418F-AD52-F5F00AAA6634}.Release|Any CPU.Build.0 = Release|Any CPU
		{EA0336B1-25EE-4D6C-B1CD-77EB11C06460}.Debug|Any CPU.ActiveCfg = Debug|Any CPU
		{EA0336B1-25EE-4D6C-B1CD-77EB11C06460}.Debug|Any CPU.Build.0 = Debug|Any CPU
		{EA0336B1-25EE-4D6C-B1CD-77EB11C06460}.Release|Any CPU.ActiveCfg = Release|Any CPU
		{EA0336B1-25EE-4D6C-B1CD-77EB11C06460}.Release|Any CPU.Build.0 = Release|Any CPU
	EndGlobalSection
	GlobalSection(SolutionProperties) = preSolution
		HideSolutionNode = FALSE
	EndGlobalSection
	GlobalSection(ExtensibilityGlobals) = postSolution
		SolutionGuid = {3CDEF966-B6CC-43E0-8F84-6BBC30356011}
	EndGlobalSection
EndGlobal
